
Microsoft Visual Studio Solution File, Format Version 12.00
# Visual Studio Version 16
VisualStudioVersion = 16.0.30114.105
MinimumVisualStudioVersion = 10.0.40219.1
Project("{FAE04EC0-301F-11D3-BF4B-00C04F79EFBC}") = "API", "API\API.csproj", "{935355BD-AEB2-4777-9FB9-00CE809AFF98}"
EndProject
Project("{FAE04EC0-301F-11D3-BF4B-00C04F79EFBC}") = "Application", "Application\Application.csproj", "{589FA429-74AC-48FF-9DE4-62ED8DDCEB1C}"
EndProject
Project("{FAE04EC0-301F-11D3-BF4B-00C04F79EFBC}") = "Persistence", "Persistence\Persistence.csproj", "{A81615E2-E00A-4168-8A68-37A83BC80862}"
EndProject
Project("{FAE04EC0-301F-11D3-BF4B-00C04F79EFBC}") = "Domain", "Domain\Domain.csproj", "{E79FAC43-0A33-41B4-B330-6ED31F8CC280}"
EndProject
Global
	GlobalSection(SolutionConfigurationPlatforms) = preSolution
		Debug|Any CPU = Debug|Any CPU
		Debug|x64 = Debug|x64
		Debug|x86 = Debug|x86
		Release|Any CPU = Release|Any CPU
		Release|x64 = Release|x64
		Release|x86 = Release|x86
	EndGlobalSection
	GlobalSection(SolutionProperties) = preSolution
		HideSolutionNode = FALSE
	EndGlobalSection
	GlobalSection(ProjectConfigurationPlatforms) = postSolution
		{935355BD-AEB2-4777-9FB9-00CE809AFF98}.Debug|Any CPU.ActiveCfg = Debug|Any CPU
		{935355BD-AEB2-4777-9FB9-00CE809AFF98}.Debug|Any CPU.Build.0 = Debug|Any CPU
		{935355BD-AEB2-4777-9FB9-00CE809AFF98}.Debug|x64.ActiveCfg = Debug|Any CPU
		{935355BD-AEB2-4777-9FB9-00CE809AFF98}.Debug|x64.Build.0 = Debug|Any CPU
		{935355BD-AEB2-4777-9FB9-00CE809AFF98}.Debug|x86.ActiveCfg = Debug|Any CPU
		{935355BD-AEB2-4777-9FB9-00CE809AFF98}.Debug|x86.Build.0 = Debug|Any CPU
		{935355BD-AEB2-4777-9FB9-00CE809AFF98}.Release|Any CPU.ActiveCfg = Release|Any CPU
		{935355BD-AEB2-4777-9FB9-00CE809AFF98}.Release|Any CPU.Build.0 = Release|Any CPU
		{935355BD-AEB2-4777-9FB9-00CE809AFF98}.Release|x64.ActiveCfg = Release|Any CPU
		{935355BD-AEB2-4777-9FB9-00CE809AFF98}.Release|x64.Build.0 = Release|Any CPU
		{935355BD-AEB2-4777-9FB9-00CE809AFF98}.Release|x86.ActiveCfg = Release|Any CPU
		{935355BD-AEB2-4777-9FB9-00CE809AFF98}.Release|x86.Build.0 = Release|Any CPU
		{589FA429-74AC-48FF-9DE4-62ED8DDCEB1C}.Debug|Any CPU.ActiveCfg = Debug|Any CPU
		{589FA429-74AC-48FF-9DE4-62ED8DDCEB1C}.Debug|Any CPU.Build.0 = Debug|Any CPU
		{589FA429-74AC-48FF-9DE4-62ED8DDCEB1C}.Debug|x64.ActiveCfg = Debug|Any CPU
		{589FA429-74AC-48FF-9DE4-62ED8DDCEB1C}.Debug|x64.Build.0 = Debug|Any CPU
		{589FA429-74AC-48FF-9DE4-62ED8DDCEB1C}.Debug|x86.ActiveCfg = Debug|Any CPU
		{589FA429-74AC-48FF-9DE4-62ED8DDCEB1C}.Debug|x86.Build.0 = Debug|Any CPU
		{589FA429-74AC-48FF-9DE4-62ED8DDCEB1C}.Release|Any CPU.ActiveCfg = Release|Any CPU
		{589FA429-74AC-48FF-9DE4-62ED8DDCEB1C}.Release|Any CPU.Build.0 = Release|Any CPU
		{589FA429-74AC-48FF-9DE4-62ED8DDCEB1C}.Release|x64.ActiveCfg = Release|Any CPU
		{589FA429-74AC-48FF-9DE4-62ED8DDCEB1C}.Release|x64.Build.0 = Release|Any CPU
		{589FA429-74AC-48FF-9DE4-62ED8DDCEB1C}.Release|x86.ActiveCfg = Release|Any CPU
		{589FA429-74AC-48FF-9DE4-62ED8DDCEB1C}.Release|x86.Build.0 = Release|Any CPU
		{A81615E2-E00A-4168-8A68-37A83BC80862}.Debug|Any CPU.ActiveCfg = Debug|Any CPU
		{A81615E2-E00A-4168-8A68-37A83BC80862}.Debug|Any CPU.Build.0 = Debug|Any CPU
		{A81615E2-E00A-4168-8A68-37A83BC80862}.Debug|x64.ActiveCfg = Debug|Any CPU
		{A81615E2-E00A-4168-8A68-37A83BC80862}.Debug|x64.Build.0 = Debug|Any CPU
		{A81615E2-E00A-4168-8A68-37A83BC80862}.Debug|x86.ActiveCfg = Debug|Any CPU
		{A81615E2-E00A-4168-8A68-37A83BC80862}.Debug|x86.Build.0 = Debug|Any CPU
		{A81615E2-E00A-4168-8A68-37A83BC80862}.Release|Any CPU.ActiveCfg = Release|Any CPU
		{A81615E2-E00A-4168-8A68-37A83BC80862}.Release|Any CPU.Build.0 = Release|Any CPU
		{A81615E2-E00A-4168-8A68-37A83BC80862}.Release|x64.ActiveCfg = Release|Any CPU
		{A81615E2-E00A-4168-8A68-37A83BC80862}.Release|x64.Build.0 = Release|Any CPU
		{A81615E2-E00A-4168-8A68-37A83BC80862}.Release|x86.ActiveCfg = Release|Any CPU
		{A81615E2-E00A-4168-8A68-37A83BC80862}.Release|x86.Build.0 = Release|Any CPU
		{E79FAC43-0A33-41B4-B330-6ED31F8CC280}.Debug|Any CPU.ActiveCfg = Debug|Any CPU
		{E79FAC43-0A33-41B4-B330-6ED31F8CC280}.Debug|Any CPU.Build.0 = Debug|Any CPU
		{E79FAC43-0A33-41B4-B330-6ED31F8CC280}.Debug|x64.ActiveCfg = Debug|Any CPU
		{E79FAC43-0A33-41B4-B330-6ED31F8CC280}.Debug|x64.Build.0 = Debug|Any CPU
		{E79FAC43-0A33-41B4-B330-6ED31F8CC280}.Debug|x86.ActiveCfg = Debug|Any CPU
		{E79FAC43-0A33-41B4-B330-6ED31F8CC280}.Debug|x86.Build.0 = Debug|Any CPU
		{E79FAC43-0A33-41B4-B330-6ED31F8CC280}.Release|Any CPU.ActiveCfg = Release|Any CPU
		{E79FAC43-0A33-41B4-B330-6ED31F8CC280}.Release|Any CPU.Build.0 = Release|Any CPU
		{E79FAC43-0A33-41B4-B330-6ED31F8CC280}.Release|x64.ActiveCfg = Release|Any CPU
		{E79FAC43-0A33-41B4-B330-6ED31F8CC280}.Release|x64.Build.0 = Release|Any CPU
		{E79FAC43-0A33-41B4-B330-6ED31F8CC280}.Release|x86.ActiveCfg = Release|Any CPU
		{E79FAC43-0A33-41B4-B330-6ED31F8CC280}.Release|x86.Build.0 = Release|Any CPU
	EndGlobalSection
EndGlobal
